// !$*UTF8*$!
{
	archiveVersion = 1;
	classes = {
	};
	objectVersion = 56;
	objects = {

/* Begin PBXBuildFile section */
		8744D4EE2AB2AA9D00F7C0DE /* AppDelegate.swift in Sources */ = {isa = PBXBuildFile; fileRef = 8744D4ED2AB2AA9D00F7C0DE /* AppDelegate.swift */; };
		8744D4F02AB2AA9D00F7C0DE /* SceneDelegate.swift in Sources */ = {isa = PBXBuildFile; fileRef = 8744D4EF2AB2AA9D00F7C0DE /* SceneDelegate.swift */; };
		8744D4F52AB2AA9D00F7C0DE /* Main.storyboard in Resources */ = {isa = PBXBuildFile; fileRef = 8744D4F32AB2AA9D00F7C0DE /* Main.storyboard */; };
		8744D4F72AB2AA9E00F7C0DE /* Assets.xcassets in Resources */ = {isa = PBXBuildFile; fileRef = 8744D4F62AB2AA9E00F7C0DE /* Assets.xcassets */; };
		8744D4FA2AB2AA9E00F7C0DE /* LaunchScreen.storyboard in Resources */ = {isa = PBXBuildFile; fileRef = 8744D4F82AB2AA9E00F7C0DE /* LaunchScreen.storyboard */; };
		878A64182AB563FF00B3E3A5 /* QuestionVC.swift in Sources */ = {isa = PBXBuildFile; fileRef = 878A64172AB563FF00B3E3A5 /* QuestionVC.swift */; };
		878A641A2AB5683A00B3E3A5 /* QuestionVCTests.swift in Sources */ = {isa = PBXBuildFile; fileRef = 878A64192AB5683A00B3E3A5 /* QuestionVCTests.swift */; };
		878A641C2AB5A72900B3E3A5 /* ResultVC.swift in Sources */ = {isa = PBXBuildFile; fileRef = 878A641B2AB5A72900B3E3A5 /* ResultVC.swift */; };
		878A641E2AB5BAFF00B3E3A5 /* ResultVCTests.swift in Sources */ = {isa = PBXBuildFile; fileRef = 878A641D2AB5BAFF00B3E3A5 /* ResultVCTests.swift */; };
		878A64272AB5CC3B00B3E3A5 /* QuestionOptionTC.xib in Resources */ = {isa = PBXBuildFile; fileRef = 878A64262AB5CC3B00B3E3A5 /* QuestionOptionTC.xib */; };
		878A642A2AB5CC7E00B3E3A5 /* ParentCells.swift in Sources */ = {isa = PBXBuildFile; fileRef = 878A64292AB5CC7E00B3E3A5 /* ParentCells.swift */; };
		878A642C2AB5CC9F00B3E3A5 /* QuestionOptionTC.swift in Sources */ = {isa = PBXBuildFile; fileRef = 878A642B2AB5CC9F00B3E3A5 /* QuestionOptionTC.swift */; };
		878A642F2AB5D00800B3E3A5 /* ResultCorrectAnswerTC.xib in Resources */ = {isa = PBXBuildFile; fileRef = 878A642E2AB5D00800B3E3A5 /* ResultCorrectAnswerTC.xib */; };
		878A64312AB5D00F00B3E3A5 /* ResultCorrectAnswerTC.swift in Sources */ = {isa = PBXBuildFile; fileRef = 878A64302AB5D00F00B3E3A5 /* ResultCorrectAnswerTC.swift */; };
		878A64332AB5D0CC00B3E3A5 /* ResultWrongAnswerTC.xib in Resources */ = {isa = PBXBuildFile; fileRef = 878A64322AB5D0CC00B3E3A5 /* ResultWrongAnswerTC.xib */; };
		878A64352AB5D12A00B3E3A5 /* ResultWrongAnswerTC.swift in Sources */ = {isa = PBXBuildFile; fileRef = 878A64342AB5D12A00B3E3A5 /* ResultWrongAnswerTC.swift */; };
		878A64382AB5D1F800B3E3A5 /* PresentableAnswer.swift in Sources */ = {isa = PBXBuildFile; fileRef = 878A64372AB5D1F800B3E3A5 /* PresentableAnswer.swift */; };
		878A648B2AB7316C00B3E3A5 /* QuizeAppUITestsLaunchTests.swift in Sources */ = {isa = PBXBuildFile; fileRef = 878A64892AB7316C00B3E3A5 /* QuizeAppUITestsLaunchTests.swift */; };
		878A648C2AB7316C00B3E3A5 /* QuizeAppUITests.swift in Sources */ = {isa = PBXBuildFile; fileRef = 878A648A2AB7316C00B3E3A5 /* QuizeAppUITests.swift */; };
		878A648E2AB7521000B3E3A5 /* NavigationControllerRouterTest.swift in Sources */ = {isa = PBXBuildFile; fileRef = 878A648D2AB7521000B3E3A5 /* NavigationControllerRouterTest.swift */; };
		878A64912AB7523100B3E3A5 /* NavigationControllerRouter.swift in Sources */ = {isa = PBXBuildFile; fileRef = 878A64902AB7523100B3E3A5 /* NavigationControllerRouter.swift */; };
		878A64932AB7529C00B3E3A5 /* Storyboards.swift in Sources */ = {isa = PBXBuildFile; fileRef = 878A64922AB7529C00B3E3A5 /* Storyboards.swift */; };
		878A64952AB7530000B3E3A5 /* ParentVC.swift in Sources */ = {isa = PBXBuildFile; fileRef = 878A64942AB7530000B3E3A5 /* ParentVC.swift */; };
/* End PBXBuildFile section */

/* Begin PBXContainerItemProxy section */
		8744D5012AB2AA9E00F7C0DE /* PBXContainerItemProxy */ = {
			isa = PBXContainerItemProxy;
			containerPortal = 8744D4E22AB2AA9D00F7C0DE /* Project object */;
			proxyType = 1;
			remoteGlobalIDString = 8744D4E92AB2AA9D00F7C0DE;
			remoteInfo = QuizeApp;
		};
		8744D50B2AB2AA9E00F7C0DE /* PBXContainerItemProxy */ = {
			isa = PBXContainerItemProxy;
			containerPortal = 8744D4E22AB2AA9D00F7C0DE /* Project object */;
			proxyType = 1;
			remoteGlobalIDString = 8744D4E92AB2AA9D00F7C0DE;
			remoteInfo = QuizeApp;
		};
/* End PBXContainerItemProxy section */

/* Begin PBXFileReference section */
		8744D4EA2AB2AA9D00F7C0DE /* QuizeApp.app */ = {isa = PBXFileReference; explicitFileType = wrapper.application; includeInIndex = 0; path = QuizeApp.app; sourceTree = BUILT_PRODUCTS_DIR; };
		8744D4ED2AB2AA9D00F7C0DE /* AppDelegate.swift */ = {isa = PBXFileReference; lastKnownFileType = sourcecode.swift; path = AppDelegate.swift; sourceTree = "<group>"; };
		8744D4EF2AB2AA9D00F7C0DE /* SceneDelegate.swift */ = {isa = PBXFileReference; lastKnownFileType = sourcecode.swift; path = SceneDelegate.swift; sourceTree = "<group>"; };
		8744D4F42AB2AA9D00F7C0DE /* Base */ = {isa = PBXFileReference; lastKnownFileType = file.storyboard; name = Base; path = Base.lproj/Main.storyboard; sourceTree = "<group>"; };
		8744D4F62AB2AA9E00F7C0DE /* Assets.xcassets */ = {isa = PBXFileReference; lastKnownFileType = folder.assetcatalog; path = Assets.xcassets; sourceTree = "<group>"; };
		8744D4F92AB2AA9E00F7C0DE /* Base */ = {isa = PBXFileReference; lastKnownFileType = file.storyboard; name = Base; path = Base.lproj/LaunchScreen.storyboard; sourceTree = "<group>"; };
		8744D4FB2AB2AA9E00F7C0DE /* Info.plist */ = {isa = PBXFileReference; lastKnownFileType = text.plist.xml; path = Info.plist; sourceTree = "<group>"; };
		8744D5002AB2AA9E00F7C0DE /* QuizeAppTests.xctest */ = {isa = PBXFileReference; explicitFileType = wrapper.cfbundle; includeInIndex = 0; path = QuizeAppTests.xctest; sourceTree = BUILT_PRODUCTS_DIR; };
		8744D50A2AB2AA9E00F7C0DE /* QuizeAppUITests.xctest */ = {isa = PBXFileReference; explicitFileType = wrapper.cfbundle; includeInIndex = 0; path = QuizeAppUITests.xctest; sourceTree = BUILT_PRODUCTS_DIR; };
		878A64172AB563FF00B3E3A5 /* QuestionVC.swift */ = {isa = PBXFileReference; lastKnownFileType = sourcecode.swift; path = QuestionVC.swift; sourceTree = "<group>"; };
		878A64192AB5683A00B3E3A5 /* QuestionVCTests.swift */ = {isa = PBXFileReference; lastKnownFileType = sourcecode.swift; path = QuestionVCTests.swift; sourceTree = "<group>"; };
		878A641B2AB5A72900B3E3A5 /* ResultVC.swift */ = {isa = PBXFileReference; lastKnownFileType = sourcecode.swift; path = ResultVC.swift; sourceTree = "<group>"; };
		878A641D2AB5BAFF00B3E3A5 /* ResultVCTests.swift */ = {isa = PBXFileReference; lastKnownFileType = sourcecode.swift; path = ResultVCTests.swift; sourceTree = "<group>"; };
		878A64262AB5CC3B00B3E3A5 /* QuestionOptionTC.xib */ = {isa = PBXFileReference; lastKnownFileType = file.xib; path = QuestionOptionTC.xib; sourceTree = "<group>"; };
		878A64292AB5CC7E00B3E3A5 /* ParentCells.swift */ = {isa = PBXFileReference; lastKnownFileType = sourcecode.swift; path = ParentCells.swift; sourceTree = "<group>"; };
		878A642B2AB5CC9F00B3E3A5 /* QuestionOptionTC.swift */ = {isa = PBXFileReference; lastKnownFileType = sourcecode.swift; path = QuestionOptionTC.swift; sourceTree = "<group>"; };
		878A642E2AB5D00800B3E3A5 /* ResultCorrectAnswerTC.xib */ = {isa = PBXFileReference; lastKnownFileType = file.xib; path = ResultCorrectAnswerTC.xib; sourceTree = "<group>"; };
		878A64302AB5D00F00B3E3A5 /* ResultCorrectAnswerTC.swift */ = {isa = PBXFileReference; lastKnownFileType = sourcecode.swift; path = ResultCorrectAnswerTC.swift; sourceTree = "<group>"; };
		878A64322AB5D0CC00B3E3A5 /* ResultWrongAnswerTC.xib */ = {isa = PBXFileReference; lastKnownFileType = file.xib; path = ResultWrongAnswerTC.xib; sourceTree = "<group>"; };
		878A64342AB5D12A00B3E3A5 /* ResultWrongAnswerTC.swift */ = {isa = PBXFileReference; lastKnownFileType = sourcecode.swift; path = ResultWrongAnswerTC.swift; sourceTree = "<group>"; };
		878A64372AB5D1F800B3E3A5 /* PresentableAnswer.swift */ = {isa = PBXFileReference; lastKnownFileType = sourcecode.swift; path = PresentableAnswer.swift; sourceTree = "<group>"; };
		878A64882AB7316B00B3E3A5 /* QuizeAppUITests-Bridging-Header.h */ = {isa = PBXFileReference; lastKnownFileType = sourcecode.c.h; path = "QuizeAppUITests-Bridging-Header.h"; sourceTree = "<group>"; };
		878A64892AB7316C00B3E3A5 /* QuizeAppUITestsLaunchTests.swift */ = {isa = PBXFileReference; fileEncoding = 4; lastKnownFileType = sourcecode.swift; path = QuizeAppUITestsLaunchTests.swift; sourceTree = "<group>"; };
		878A648A2AB7316C00B3E3A5 /* QuizeAppUITests.swift */ = {isa = PBXFileReference; fileEncoding = 4; lastKnownFileType = sourcecode.swift; path = QuizeAppUITests.swift; sourceTree = "<group>"; };
		878A648D2AB7521000B3E3A5 /* NavigationControllerRouterTest.swift */ = {isa = PBXFileReference; lastKnownFileType = sourcecode.swift; path = NavigationControllerRouterTest.swift; sourceTree = "<group>"; };
		878A64902AB7523100B3E3A5 /* NavigationControllerRouter.swift */ = {isa = PBXFileReference; lastKnownFileType = sourcecode.swift; path = NavigationControllerRouter.swift; sourceTree = "<group>"; };
		878A64922AB7529C00B3E3A5 /* Storyboards.swift */ = {isa = PBXFileReference; lastKnownFileType = sourcecode.swift; path = Storyboards.swift; sourceTree = "<group>"; };
		878A64942AB7530000B3E3A5 /* ParentVC.swift */ = {isa = PBXFileReference; lastKnownFileType = sourcecode.swift; path = ParentVC.swift; sourceTree = "<group>"; };
/* End PBXFileReference section */

/* Begin PBXFrameworksBuildPhase section */
		8744D4E72AB2AA9D00F7C0DE /* Frameworks */ = {
			isa = PBXFrameworksBuildPhase;
			buildActionMask = 2147483647;
			files = (
			);
			runOnlyForDeploymentPostprocessing = 0;
		};
		8744D4FD2AB2AA9E00F7C0DE /* Frameworks */ = {
			isa = PBXFrameworksBuildPhase;
			buildActionMask = 2147483647;
			files = (
			);
			runOnlyForDeploymentPostprocessing = 0;
		};
		8744D5072AB2AA9E00F7C0DE /* Frameworks */ = {
			isa = PBXFrameworksBuildPhase;
			buildActionMask = 2147483647;
			files = (
			);
			runOnlyForDeploymentPostprocessing = 0;
		};
/* End PBXFrameworksBuildPhase section */

/* Begin PBXGroup section */
		8744D4E12AB2AA9D00F7C0DE = {
			isa = PBXGroup;
			children = (
				8744D4EC2AB2AA9D00F7C0DE /* QuizeApp */,
				8744D5032AB2AA9E00F7C0DE /* QuizeAppTests */,
				8744D50D2AB2AA9E00F7C0DE /* QuizeAppUITests */,
				8744D4EB2AB2AA9D00F7C0DE /* Products */,
			);
			sourceTree = "<group>";
		};
		8744D4EB2AB2AA9D00F7C0DE /* Products */ = {
			isa = PBXGroup;
			children = (
				8744D4EA2AB2AA9D00F7C0DE /* QuizeApp.app */,
				8744D5002AB2AA9E00F7C0DE /* QuizeAppTests.xctest */,
				8744D50A2AB2AA9E00F7C0DE /* QuizeAppUITests.xctest */,
			);
			name = Products;
			sourceTree = "<group>";
		};
		8744D4EC2AB2AA9D00F7C0DE /* QuizeApp */ = {
			isa = PBXGroup;
			children = (
				878A648F2AB7522200B3E3A5 /* Router */,
				878A641F2AB5CB8B00B3E3A5 /* AppLifeCycle */,
				878A64202AB5CB9C00B3E3A5 /* Storyboards */,
				878A64362AB5D1EB00B3E3A5 /* Model */,
				878A64222AB5CBBA00B3E3A5 /* ViewControllers */,
				878A64282AB5CC4200B3E3A5 /* Utility */,
				878A64212AB5CBAF00B3E3A5 /* Resources */,
				8744D4FB2AB2AA9E00F7C0DE /* Info.plist */,
			);
			path = QuizeApp;
			sourceTree = "<group>";
		};
		8744D5032AB2AA9E00F7C0DE /* QuizeAppTests */ = {
			isa = PBXGroup;
			children = (
				878A64192AB5683A00B3E3A5 /* QuestionVCTests.swift */,
				878A641D2AB5BAFF00B3E3A5 /* ResultVCTests.swift */,
				878A648D2AB7521000B3E3A5 /* NavigationControllerRouterTest.swift */,
			);
			path = QuizeAppTests;
			sourceTree = "<group>";
		};
		8744D50D2AB2AA9E00F7C0DE /* QuizeAppUITests */ = {
			isa = PBXGroup;
			children = (
				878A648A2AB7316C00B3E3A5 /* QuizeAppUITests.swift */,
				878A64892AB7316C00B3E3A5 /* QuizeAppUITestsLaunchTests.swift */,
				878A64882AB7316B00B3E3A5 /* QuizeAppUITests-Bridging-Header.h */,
			);
			path = QuizeAppUITests;
			sourceTree = "<group>";
		};
		878A641F2AB5CB8B00B3E3A5 /* AppLifeCycle */ = {
			isa = PBXGroup;
			children = (
				8744D4ED2AB2AA9D00F7C0DE /* AppDelegate.swift */,
				8744D4EF2AB2AA9D00F7C0DE /* SceneDelegate.swift */,
			);
			path = AppLifeCycle;
			sourceTree = "<group>";
		};
		878A64202AB5CB9C00B3E3A5 /* Storyboards */ = {
			isa = PBXGroup;
			children = (
				8744D4F32AB2AA9D00F7C0DE /* Main.storyboard */,
				8744D4F82AB2AA9E00F7C0DE /* LaunchScreen.storyboard */,
			);
			path = Storyboards;
			sourceTree = "<group>";
		};
		878A64212AB5CBAF00B3E3A5 /* Resources */ = {
			isa = PBXGroup;
			children = (
				8744D4F62AB2AA9E00F7C0DE /* Assets.xcassets */,
			);
			path = Resources;
			sourceTree = "<group>";
		};
		878A64222AB5CBBA00B3E3A5 /* ViewControllers */ = {
			isa = PBXGroup;
			children = (
				878A64232AB5CC0100B3E3A5 /* Question */,
				878A64242AB5CC0C00B3E3A5 /* Result */,
			);
			path = ViewControllers;
			sourceTree = "<group>";
		};
		878A64232AB5CC0100B3E3A5 /* Question */ = {
			isa = PBXGroup;
			children = (
				878A64252AB5CC1B00B3E3A5 /* Cells */,
				878A64172AB563FF00B3E3A5 /* QuestionVC.swift */,
			);
			path = Question;
			sourceTree = "<group>";
		};
		878A64242AB5CC0C00B3E3A5 /* Result */ = {
			isa = PBXGroup;
			children = (
				878A642D2AB5CFEC00B3E3A5 /* Cells */,
				878A641B2AB5A72900B3E3A5 /* ResultVC.swift */,
			);
			path = Result;
			sourceTree = "<group>";
		};
		878A64252AB5CC1B00B3E3A5 /* Cells */ = {
			isa = PBXGroup;
			children = (
				878A64262AB5CC3B00B3E3A5 /* QuestionOptionTC.xib */,
				878A642B2AB5CC9F00B3E3A5 /* QuestionOptionTC.swift */,
			);
			path = Cells;
			sourceTree = "<group>";
		};
		878A64282AB5CC4200B3E3A5 /* Utility */ = {
			isa = PBXGroup;
			children = (
				878A64292AB5CC7E00B3E3A5 /* ParentCells.swift */,
				878A64922AB7529C00B3E3A5 /* Storyboards.swift */,
				878A64942AB7530000B3E3A5 /* ParentVC.swift */,
			);
			path = Utility;
			sourceTree = "<group>";
		};
		878A642D2AB5CFEC00B3E3A5 /* Cells */ = {
			isa = PBXGroup;
			children = (
				878A642E2AB5D00800B3E3A5 /* ResultCorrectAnswerTC.xib */,
				878A64302AB5D00F00B3E3A5 /* ResultCorrectAnswerTC.swift */,
				878A64322AB5D0CC00B3E3A5 /* ResultWrongAnswerTC.xib */,
				878A64342AB5D12A00B3E3A5 /* ResultWrongAnswerTC.swift */,
			);
			path = Cells;
			sourceTree = "<group>";
		};
		878A64362AB5D1EB00B3E3A5 /* Model */ = {
			isa = PBXGroup;
			children = (
				878A64372AB5D1F800B3E3A5 /* PresentableAnswer.swift */,
			);
			path = Model;
			sourceTree = "<group>";
		};
		878A648F2AB7522200B3E3A5 /* Router */ = {
			isa = PBXGroup;
			children = (
				878A64902AB7523100B3E3A5 /* NavigationControllerRouter.swift */,
			);
			path = Router;
			sourceTree = "<group>";
		};
/* End PBXGroup section */

/* Begin PBXNativeTarget section */
		8744D4E92AB2AA9D00F7C0DE /* QuizeApp */ = {
			isa = PBXNativeTarget;
			buildConfigurationList = 8744D5142AB2AA9E00F7C0DE /* Build configuration list for PBXNativeTarget "QuizeApp" */;
			buildPhases = (
				8744D4E62AB2AA9D00F7C0DE /* Sources */,
				8744D4E72AB2AA9D00F7C0DE /* Frameworks */,
				8744D4E82AB2AA9D00F7C0DE /* Resources */,
			);
			buildRules = (
			);
			dependencies = (
			);
			name = QuizeApp;
			productName = QuizeApp;
			productReference = 8744D4EA2AB2AA9D00F7C0DE /* QuizeApp.app */;
			productType = "com.apple.product-type.application";
		};
		8744D4FF2AB2AA9E00F7C0DE /* QuizeAppTests */ = {
			isa = PBXNativeTarget;
			buildConfigurationList = 8744D5172AB2AA9E00F7C0DE /* Build configuration list for PBXNativeTarget "QuizeAppTests" */;
			buildPhases = (
				8744D4FC2AB2AA9E00F7C0DE /* Sources */,
				8744D4FD2AB2AA9E00F7C0DE /* Frameworks */,
				8744D4FE2AB2AA9E00F7C0DE /* Resources */,
			);
			buildRules = (
			);
			dependencies = (
				8744D5022AB2AA9E00F7C0DE /* PBXTargetDependency */,
			);
			name = QuizeAppTests;
			productName = QuizeAppTests;
			productReference = 8744D5002AB2AA9E00F7C0DE /* QuizeAppTests.xctest */;
			productType = "com.apple.product-type.bundle.unit-test";
		};
		8744D5092AB2AA9E00F7C0DE /* QuizeAppUITests */ = {
			isa = PBXNativeTarget;
			buildConfigurationList = 8744D51A2AB2AA9E00F7C0DE /* Build configuration list for PBXNativeTarget "QuizeAppUITests" */;
			buildPhases = (
				8744D5062AB2AA9E00F7C0DE /* Sources */,
				8744D5072AB2AA9E00F7C0DE /* Frameworks */,
				8744D5082AB2AA9E00F7C0DE /* Resources */,
			);
			buildRules = (
			);
			dependencies = (
				8744D50C2AB2AA9E00F7C0DE /* PBXTargetDependency */,
			);
			name = QuizeAppUITests;
			productName = QuizeAppUITests;
			productReference = 8744D50A2AB2AA9E00F7C0DE /* QuizeAppUITests.xctest */;
			productType = "com.apple.product-type.bundle.ui-testing";
		};
/* End PBXNativeTarget section */

/* Begin PBXProject section */
		8744D4E22AB2AA9D00F7C0DE /* Project object */ = {
			isa = PBXProject;
			attributes = {
				BuildIndependentTargetsInParallel = 1;
				LastSwiftUpdateCheck = 1430;
				LastUpgradeCheck = 1430;
				TargetAttributes = {
					8744D4E92AB2AA9D00F7C0DE = {
						CreatedOnToolsVersion = 14.3;
					};
					8744D4FF2AB2AA9E00F7C0DE = {
						CreatedOnToolsVersion = 14.3;
						TestTargetID = 8744D4E92AB2AA9D00F7C0DE;
					};
					8744D5092AB2AA9E00F7C0DE = {
						CreatedOnToolsVersion = 14.3;
						LastSwiftMigration = 1430;
						TestTargetID = 8744D4E92AB2AA9D00F7C0DE;
					};
				};
			};
			buildConfigurationList = 8744D4E52AB2AA9D00F7C0DE /* Build configuration list for PBXProject "QuizeApp" */;
			compatibilityVersion = "Xcode 14.0";
			developmentRegion = en;
			hasScannedForEncodings = 0;
			knownRegions = (
				en,
				Base,
			);
			mainGroup = 8744D4E12AB2AA9D00F7C0DE;
			productRefGroup = 8744D4EB2AB2AA9D00F7C0DE /* Products */;
			projectDirPath = "";
			projectRoot = "";
			targets = (
				8744D4E92AB2AA9D00F7C0DE /* QuizeApp */,
				8744D4FF2AB2AA9E00F7C0DE /* QuizeAppTests */,
				8744D5092AB2AA9E00F7C0DE /* QuizeAppUITests */,
			);
		};
/* End PBXProject section */

/* Begin PBXResourcesBuildPhase section */
		8744D4E82AB2AA9D00F7C0DE /* Resources */ = {
			isa = PBXResourcesBuildPhase;
			buildActionMask = 2147483647;
			files = (
				878A64272AB5CC3B00B3E3A5 /* QuestionOptionTC.xib in Resources */,
				8744D4FA2AB2AA9E00F7C0DE /* LaunchScreen.storyboard in Resources */,
				8744D4F72AB2AA9E00F7C0DE /* Assets.xcassets in Resources */,
				878A64332AB5D0CC00B3E3A5 /* ResultWrongAnswerTC.xib in Resources */,
				878A642F2AB5D00800B3E3A5 /* ResultCorrectAnswerTC.xib in Resources */,
				8744D4F52AB2AA9D00F7C0DE /* Main.storyboard in Resources */,
			);
			runOnlyForDeploymentPostprocessing = 0;
		};
		8744D4FE2AB2AA9E00F7C0DE /* Resources */ = {
			isa = PBXResourcesBuildPhase;
			buildActionMask = 2147483647;
			files = (
			);
			runOnlyForDeploymentPostprocessing = 0;
		};
		8744D5082AB2AA9E00F7C0DE /* Resources */ = {
			isa = PBXResourcesBuildPhase;
			buildActionMask = 2147483647;
			files = (
			);
			runOnlyForDeploymentPostprocessing = 0;
		};
/* End PBXResourcesBuildPhase section */

/* Begin PBXSourcesBuildPhase section */
		8744D4E62AB2AA9D00F7C0DE /* Sources */ = {
			isa = PBXSourcesBuildPhase;
			buildActionMask = 2147483647;
			files = (
				878A64382AB5D1F800B3E3A5 /* PresentableAnswer.swift in Sources */,
				878A64182AB563FF00B3E3A5 /* QuestionVC.swift in Sources */,
				878A64912AB7523100B3E3A5 /* NavigationControllerRouter.swift in Sources */,
				878A642A2AB5CC7E00B3E3A5 /* ParentCells.swift in Sources */,
				878A64932AB7529C00B3E3A5 /* Storyboards.swift in Sources */,
				878A642C2AB5CC9F00B3E3A5 /* QuestionOptionTC.swift in Sources */,
				878A641C2AB5A72900B3E3A5 /* ResultVC.swift in Sources */,
				8744D4EE2AB2AA9D00F7C0DE /* AppDelegate.swift in Sources */,
				878A64952AB7530000B3E3A5 /* ParentVC.swift in Sources */,
				8744D4F02AB2AA9D00F7C0DE /* SceneDelegate.swift in Sources */,
				878A64312AB5D00F00B3E3A5 /* ResultCorrectAnswerTC.swift in Sources */,
				878A64352AB5D12A00B3E3A5 /* ResultWrongAnswerTC.swift in Sources */,
			);
			runOnlyForDeploymentPostprocessing = 0;
		};
		8744D4FC2AB2AA9E00F7C0DE /* Sources */ = {
			isa = PBXSourcesBuildPhase;
			buildActionMask = 2147483647;
			files = (
				878A641E2AB5BAFF00B3E3A5 /* ResultVCTests.swift in Sources */,
				878A641A2AB5683A00B3E3A5 /* QuestionVCTests.swift in Sources */,
				878A648E2AB7521000B3E3A5 /* NavigationControllerRouterTest.swift in Sources */,
			);
			runOnlyForDeploymentPostprocessing = 0;
		};
		8744D5062AB2AA9E00F7C0DE /* Sources */ = {
			isa = PBXSourcesBuildPhase;
			buildActionMask = 2147483647;
			files = (
				878A648C2AB7316C00B3E3A5 /* QuizeAppUITests.swift in Sources */,
				878A648B2AB7316C00B3E3A5 /* QuizeAppUITestsLaunchTests.swift in Sources */,
			);
			runOnlyForDeploymentPostprocessing = 0;
		};
/* End PBXSourcesBuildPhase section */

/* Begin PBXTargetDependency section */
		8744D5022AB2AA9E00F7C0DE /* PBXTargetDependency */ = {
			isa = PBXTargetDependency;
			target = 8744D4E92AB2AA9D00F7C0DE /* QuizeApp */;
			targetProxy = 8744D5012AB2AA9E00F7C0DE /* PBXContainerItemProxy */;
		};
		8744D50C2AB2AA9E00F7C0DE /* PBXTargetDependency */ = {
			isa = PBXTargetDependency;
			target = 8744D4E92AB2AA9D00F7C0DE /* QuizeApp */;
			targetProxy = 8744D50B2AB2AA9E00F7C0DE /* PBXContainerItemProxy */;
		};
/* End PBXTargetDependency section */

/* Begin PBXVariantGroup section */
		8744D4F32AB2AA9D00F7C0DE /* Main.storyboard */ = {
			isa = PBXVariantGroup;
			children = (
				8744D4F42AB2AA9D00F7C0DE /* Base */,
			);
			name = Main.storyboard;
			sourceTree = "<group>";
		};
		8744D4F82AB2AA9E00F7C0DE /* LaunchScreen.storyboard */ = {
			isa = PBXVariantGroup;
			children = (
				8744D4F92AB2AA9E00F7C0DE /* Base */,
			);
			name = LaunchScreen.storyboard;
			sourceTree = "<group>";
		};
/* End PBXVariantGroup section */

/* Begin XCBuildConfiguration section */
		8744D5122AB2AA9E00F7C0DE /* Debug */ = {
			isa = XCBuildConfiguration;
			buildSettings = {
				ALWAYS_SEARCH_USER_PATHS = NO;
				CLANG_ANALYZER_NONNULL = YES;
				CLANG_ANALYZER_NUMBER_OBJECT_CONVERSION = YES_AGGRESSIVE;
				CLANG_CXX_LANGUAGE_STANDARD = "gnu++20";
				CLANG_ENABLE_MODULES = YES;
				CLANG_ENABLE_OBJC_ARC = YES;
				CLANG_ENABLE_OBJC_WEAK = YES;
				CLANG_WARN_BLOCK_CAPTURE_AUTORELEASING = YES;
				CLANG_WARN_BOOL_CONVERSION = YES;
				CLANG_WARN_COMMA = YES;
				CLANG_WARN_CONSTANT_CONVERSION = YES;
				CLANG_WARN_DEPRECATED_OBJC_IMPLEMENTATIONS = YES;
				CLANG_WARN_DIRECT_OBJC_ISA_USAGE = YES_ERROR;
				CLANG_WARN_DOCUMENTATION_COMMENTS = YES;
				CLANG_WARN_EMPTY_BODY = YES;
				CLANG_WARN_ENUM_CONVERSION = YES;
				CLANG_WARN_INFINITE_RECURSION = YES;
				CLANG_WARN_INT_CONVERSION = YES;
				CLANG_WARN_NON_LITERAL_NULL_CONVERSION = YES;
				CLANG_WARN_OBJC_IMPLICIT_RETAIN_SELF = YES;
				CLANG_WARN_OBJC_LITERAL_CONVERSION = YES;
				CLANG_WARN_OBJC_ROOT_CLASS = YES_ERROR;
				CLANG_WARN_QUOTED_INCLUDE_IN_FRAMEWORK_HEADER = YES;
				CLANG_WARN_RANGE_LOOP_ANALYSIS = YES;
				CLANG_WARN_STRICT_PROTOTYPES = YES;
				CLANG_WARN_SUSPICIOUS_MOVE = YES;
				CLANG_WARN_UNGUARDED_AVAILABILITY = YES_AGGRESSIVE;
				CLANG_WARN_UNREACHABLE_CODE = YES;
				CLANG_WARN__DUPLICATE_METHOD_MATCH = YES;
				COPY_PHASE_STRIP = NO;
				DEBUG_INFORMATION_FORMAT = dwarf;
				ENABLE_STRICT_OBJC_MSGSEND = YES;
				ENABLE_TESTABILITY = YES;
				GCC_C_LANGUAGE_STANDARD = gnu11;
				GCC_DYNAMIC_NO_PIC = NO;
				GCC_NO_COMMON_BLOCKS = YES;
				GCC_OPTIMIZATION_LEVEL = 0;
				GCC_PREPROCESSOR_DEFINITIONS = (
					"DEBUG=1",
					"$(inherited)",
				);
				GCC_WARN_64_TO_32_BIT_CONVERSION = YES;
				GCC_WARN_ABOUT_RETURN_TYPE = YES_ERROR;
				GCC_WARN_UNDECLARED_SELECTOR = YES;
				GCC_WARN_UNINITIALIZED_AUTOS = YES_AGGRESSIVE;
				GCC_WARN_UNUSED_FUNCTION = YES;
				GCC_WARN_UNUSED_VARIABLE = YES;
				IPHONEOS_DEPLOYMENT_TARGET = 16.4;
				MTL_ENABLE_DEBUG_INFO = INCLUDE_SOURCE;
				MTL_FAST_MATH = YES;
				ONLY_ACTIVE_ARCH = YES;
				SDKROOT = iphoneos;
				SWIFT_ACTIVE_COMPILATION_CONDITIONS = DEBUG;
				SWIFT_OPTIMIZATION_LEVEL = "-Onone";
			};
			name = Debug;
		};
		8744D5132AB2AA9E00F7C0DE /* Release */ = {
			isa = XCBuildConfiguration;
			buildSettings = {
				ALWAYS_SEARCH_USER_PATHS = NO;
				CLANG_ANALYZER_NONNULL = YES;
				CLANG_ANALYZER_NUMBER_OBJECT_CONVERSION = YES_AGGRESSIVE;
				CLANG_CXX_LANGUAGE_STANDARD = "gnu++20";
				CLANG_ENABLE_MODULES = YES;
				CLANG_ENABLE_OBJC_ARC = YES;
				CLANG_ENABLE_OBJC_WEAK = YES;
				CLANG_WARN_BLOCK_CAPTURE_AUTORELEASING = YES;
				CLANG_WARN_BOOL_CONVERSION = YES;
				CLANG_WARN_COMMA = YES;
				CLANG_WARN_CONSTANT_CONVERSION = YES;
				CLANG_WARN_DEPRECATED_OBJC_IMPLEMENTATIONS = YES;
				CLANG_WARN_DIRECT_OBJC_ISA_USAGE = YES_ERROR;
				CLANG_WARN_DOCUMENTATION_COMMENTS = YES;
				CLANG_WARN_EMPTY_BODY = YES;
				CLANG_WARN_ENUM_CONVERSION = YES;
				CLANG_WARN_INFINITE_RECURSION = YES;
				CLANG_WARN_INT_CONVERSION = YES;
				CLANG_WARN_NON_LITERAL_NULL_CONVERSION = YES;
				CLANG_WARN_OBJC_IMPLICIT_RETAIN_SELF = YES;
				CLANG_WARN_OBJC_LITERAL_CONVERSION = YES;
				CLANG_WARN_OBJC_ROOT_CLASS = YES_ERROR;
				CLANG_WARN_QUOTED_INCLUDE_IN_FRAMEWORK_HEADER = YES;
				CLANG_WARN_RANGE_LOOP_ANALYSIS = YES;
				CLANG_WARN_STRICT_PROTOTYPES = YES;
				CLANG_WARN_SUSPICIOUS_MOVE = YES;
				CLANG_WARN_UNGUARDED_AVAILABILITY = YES_AGGRESSIVE;
				CLANG_WARN_UNREACHABLE_CODE = YES;
				CLANG_WARN__DUPLICATE_METHOD_MATCH = YES;
				COPY_PHASE_STRIP = NO;
				DEBUG_INFORMATION_FORMAT = "dwarf-with-dsym";
				ENABLE_NS_ASSERTIONS = NO;
				ENABLE_STRICT_OBJC_MSGSEND = YES;
				GCC_C_LANGUAGE_STANDARD = gnu11;
				GCC_NO_COMMON_BLOCKS = YES;
				GCC_WARN_64_TO_32_BIT_CONVERSION = YES;
				GCC_WARN_ABOUT_RETURN_TYPE = YES_ERROR;
				GCC_WARN_UNDECLARED_SELECTOR = YES;
				GCC_WARN_UNINITIALIZED_AUTOS = YES_AGGRESSIVE;
				GCC_WARN_UNUSED_FUNCTION = YES;
				GCC_WARN_UNUSED_VARIABLE = YES;
				IPHONEOS_DEPLOYMENT_TARGET = 16.4;
				MTL_ENABLE_DEBUG_INFO = NO;
				MTL_FAST_MATH = YES;
				SDKROOT = iphoneos;
				SWIFT_COMPILATION_MODE = wholemodule;
				SWIFT_OPTIMIZATION_LEVEL = "-O";
				VALIDATE_PRODUCT = YES;
			};
			name = Release;
		};
		8744D5152AB2AA9E00F7C0DE /* Debug */ = {
			isa = XCBuildConfiguration;
			buildSettings = {
				ASSETCATALOG_COMPILER_APPICON_NAME = AppIcon;
				ASSETCATALOG_COMPILER_GLOBAL_ACCENT_COLOR_NAME = AccentColor;
				CODE_SIGN_STYLE = Manual;
				CURRENT_PROJECT_VERSION = 1;
				DEVELOPMENT_TEAM = "";
				GENERATE_INFOPLIST_FILE = YES;
				INFOPLIST_FILE = QuizeApp/Info.plist;
				INFOPLIST_KEY_UIApplicationSupportsIndirectInputEvents = YES;
				INFOPLIST_KEY_UILaunchStoryboardName = LaunchScreen;
				INFOPLIST_KEY_UISupportedInterfaceOrientations = UIInterfaceOrientationPortrait;
				LD_RUNPATH_SEARCH_PATHS = (
					"$(inherited)",
					"@executable_path/Frameworks",
				);
				MARKETING_VERSION = 1.0;
				PRODUCT_BUNDLE_IDENTIFIER = hiren.QuizeApp;
				PRODUCT_NAME = "$(TARGET_NAME)";
				PROVISIONING_PROFILE_SPECIFIER = "";
				SUPPORTED_PLATFORMS = "iphoneos iphonesimulator";
				SUPPORTS_MACCATALYST = NO;
				SUPPORTS_MAC_DESIGNED_FOR_IPHONE_IPAD = NO;
				SWIFT_EMIT_LOC_STRINGS = YES;
				SWIFT_VERSION = 5.0;
				TARGETED_DEVICE_FAMILY = 1;
			};
			name = Debug;
		};
		8744D5162AB2AA9E00F7C0DE /* Release */ = {
			isa = XCBuildConfiguration;
			buildSettings = {
				ASSETCATALOG_COMPILER_APPICON_NAME = AppIcon;
				ASSETCATALOG_COMPILER_GLOBAL_ACCENT_COLOR_NAME = AccentColor;
				CODE_SIGN_STYLE = Manual;
				CURRENT_PROJECT_VERSION = 1;
				DEVELOPMENT_TEAM = "";
				GENERATE_INFOPLIST_FILE = YES;
				INFOPLIST_FILE = QuizeApp/Info.plist;
				INFOPLIST_KEY_UIApplicationSupportsIndirectInputEvents = YES;
				INFOPLIST_KEY_UILaunchStoryboardName = LaunchScreen;
				INFOPLIST_KEY_UISupportedInterfaceOrientations = UIInterfaceOrientationPortrait;
				LD_RUNPATH_SEARCH_PATHS = (
					"$(inherited)",
					"@executable_path/Frameworks",
				);
				MARKETING_VERSION = 1.0;
				PRODUCT_BUNDLE_IDENTIFIER = hiren.QuizeApp;
				PRODUCT_NAME = "$(TARGET_NAME)";
				PROVISIONING_PROFILE_SPECIFIER = "";
				SUPPORTED_PLATFORMS = "iphoneos iphonesimulator";
				SUPPORTS_MACCATALYST = NO;
				SUPPORTS_MAC_DESIGNED_FOR_IPHONE_IPAD = NO;
				SWIFT_EMIT_LOC_STRINGS = YES;
				SWIFT_VERSION = 5.0;
				TARGETED_DEVICE_FAMILY = 1;
			};
			name = Release;
		};
		8744D5182AB2AA9E00F7C0DE /* Debug */ = {
			isa = XCBuildConfiguration;
			buildSettings = {
				ALWAYS_EMBED_SWIFT_STANDARD_LIBRARIES = YES;
				BUNDLE_LOADER = "$(TEST_HOST)";
				CODE_SIGN_STYLE = Automatic;
				CURRENT_PROJECT_VERSION = 1;
				GENERATE_INFOPLIST_FILE = YES;
				IPHONEOS_DEPLOYMENT_TARGET = 16.4;
				MARKETING_VERSION = 1.0;
				PRODUCT_BUNDLE_IDENTIFIER = hiren.QuizeAppTests;
				PRODUCT_NAME = "$(TARGET_NAME)";
				SWIFT_EMIT_LOC_STRINGS = NO;
				SWIFT_VERSION = 5.0;
				TARGETED_DEVICE_FAMILY = "1,2";
				TEST_HOST = "$(BUILT_PRODUCTS_DIR)/QuizeApp.app/$(BUNDLE_EXECUTABLE_FOLDER_PATH)/QuizeApp";
			};
			name = Debug;
		};
		8744D5192AB2AA9E00F7C0DE /* Release */ = {
			isa = XCBuildConfiguration;
			buildSettings = {
				ALWAYS_EMBED_SWIFT_STANDARD_LIBRARIES = YES;
				BUNDLE_LOADER = "$(TEST_HOST)";
				CODE_SIGN_STYLE = Automatic;
				CURRENT_PROJECT_VERSION = 1;
				GENERATE_INFOPLIST_FILE = YES;
				IPHONEOS_DEPLOYMENT_TARGET = 16.4;
				MARKETING_VERSION = 1.0;
				PRODUCT_BUNDLE_IDENTIFIER = hiren.QuizeAppTests;
				PRODUCT_NAME = "$(TARGET_NAME)";
				SWIFT_EMIT_LOC_STRINGS = NO;
				SWIFT_VERSION = 5.0;
				TARGETED_DEVICE_FAMILY = "1,2";
				TEST_HOST = "$(BUILT_PRODUCTS_DIR)/QuizeApp.app/$(BUNDLE_EXECUTABLE_FOLDER_PATH)/QuizeApp";
			};
			name = Release;
		};
		8744D51B2AB2AA9E00F7C0DE /* Debug */ = {
			isa = XCBuildConfiguration;
			buildSettings = {
				ALWAYS_EMBED_SWIFT_STANDARD_LIBRARIES = YES;
				CLANG_ENABLE_MODULES = YES;
				CODE_SIGN_STYLE = Automatic;
				CURRENT_PROJECT_VERSION = 1;
				GENERATE_INFOPLIST_FILE = YES;
				MARKETING_VERSION = 1.0;
				PRODUCT_BUNDLE_IDENTIFIER = hiren.QuizeAppUITests;
				PRODUCT_NAME = "$(TARGET_NAME)";
				SWIFT_EMIT_LOC_STRINGS = NO;
				SWIFT_OBJC_BRIDGING_HEADER = "QuizeAppUITests/QuizeAppUITests-Bridging-Header.h";
				SWIFT_OPTIMIZATION_LEVEL = "-Onone";
				SWIFT_VERSION = 5.0;
				TARGETED_DEVICE_FAMILY = "1,2";
				TEST_TARGET_NAME = QuizeApp;
			};
			name = Debug;
		};
		8744D51C2AB2AA9E00F7C0DE /* Release */ = {
			isa = XCBuildConfiguration;
			buildSettings = {
				ALWAYS_EMBED_SWIFT_STANDARD_LIBRARIES = YES;
				CLANG_ENABLE_MODULES = YES;
				CODE_SIGN_STYLE = Automatic;
				CURRENT_PROJECT_VERSION = 1;
				GENERATE_INFOPLIST_FILE = YES;
				MARKETING_VERSION = 1.0;
				PRODUCT_BUNDLE_IDENTIFIER = hiren.QuizeAppUITests;
				PRODUCT_NAME = "$(TARGET_NAME)";
				SWIFT_EMIT_LOC_STRINGS = NO;
				SWIFT_OBJC_BRIDGING_HEADER = "QuizeAppUITests/QuizeAppUITests-Bridging-Header.h";
				SWIFT_VERSION = 5.0;
				TARGETED_DEVICE_FAMILY = "1,2";
				TEST_TARGET_NAME = QuizeApp;
			};
			name = Release;
		};
/* End XCBuildConfiguration section */

/* Begin XCConfigurationList section */
		8744D4E52AB2AA9D00F7C0DE /* Build configuration list for PBXProject "QuizeApp" */ = {
			isa = XCConfigurationList;
			buildConfigurations = (
				8744D5122AB2AA9E00F7C0DE /* Debug */,
				8744D5132AB2AA9E00F7C0DE /* Release */,
			);
			defaultConfigurationIsVisible = 0;
			defaultConfigurationName = Release;
		};
		8744D5142AB2AA9E00F7C0DE /* Build configuration list for PBXNativeTarget "QuizeApp" */ = {
			isa = XCConfigurationList;
			buildConfigurations = (
				8744D5152AB2AA9E00F7C0DE /* Debug */,
				8744D5162AB2AA9E00F7C0DE /* Release */,
			);
			defaultConfigurationIsVisible = 0;
			defaultConfigurationName = Release;
		};
		8744D5172AB2AA9E00F7C0DE /* Build configuration list for PBXNativeTarget "QuizeAppTests" */ = {
			isa = XCConfigurationList;
			buildConfigurations = (
				8744D5182AB2AA9E00F7C0DE /* Debug */,
				8744D5192AB2AA9E00F7C0DE /* Release */,
			);
			defaultConfigurationIsVisible = 0;
			defaultConfigurationName = Release;
		};
		8744D51A2AB2AA9E00F7C0DE /* Build configuration list for PBXNativeTarget "QuizeAppUITests" */ = {
			isa = XCConfigurationList;
			buildConfigurations = (
				8744D51B2AB2AA9E00F7C0DE /* Debug */,
				8744D51C2AB2AA9E00F7C0DE /* Release */,
			);
			defaultConfigurationIsVisible = 0;
			defaultConfigurationName = Release;
		};
/* End XCConfigurationList section */
	};
	rootObject = 8744D4E22AB2AA9D00F7C0DE /* Project object */;
}
