// !$*UTF8*$!
{
	archiveVersion = 1;
	classes = {
	};
	objectVersion = 56;
	objects = {

/* Begin PBXBuildFile section */
		878A643A2AB6E02E00B3E3A5 /* Router.swift in Sources */ = {isa = PBXBuildFile; fileRef = 878A64392AB6E02E00B3E3A5 /* Router.swift */; };
		878A643C2AB6E03600B3E3A5 /* QuizResult.swift in Sources */ = {isa = PBXBuildFile; fileRef = 878A643B2AB6E03600B3E3A5 /* QuizResult.swift */; };
		878A643E2AB6E32E00B3E3A5 /* RouterSpy.swift in Sources */ = {isa = PBXBuildFile; fileRef = 878A643D2AB6E32E00B3E3A5 /* RouterSpy.swift */; };
		878A64402AB6E41100B3E3A5 /* Game.swift in Sources */ = {isa = PBXBuildFile; fileRef = 878A643F2AB6E41100B3E3A5 /* Game.swift */; };
		878A64422AB6E57100B3E3A5 /* GameTest.swift in Sources */ = {isa = PBXBuildFile; fileRef = 878A64412AB6E57100B3E3A5 /* GameTest.swift */; };
		878EFEF32AA9C8290075EF71 /* QuizeEngine.framework in Frameworks */ = {isa = PBXBuildFile; fileRef = 878EFEEA2AA9C8290075EF71 /* QuizeEngine.framework */; };
		878EFEF82AA9C8290075EF71 /* QuizeEngineTests.swift in Sources */ = {isa = PBXBuildFile; fileRef = 878EFEF72AA9C8290075EF71 /* QuizeEngineTests.swift */; };
		878EFEF92AA9C8290075EF71 /* QuizeEngine.h in Headers */ = {isa = PBXBuildFile; fileRef = 878EFEED2AA9C8290075EF71 /* QuizeEngine.h */; settings = {ATTRIBUTES = (Public, ); }; };
		8794BA062AAC856500BC3C98 /* FlowTest.swift in Sources */ = {isa = PBXBuildFile; fileRef = 8794BA052AAC856500BC3C98 /* FlowTest.swift */; };
		8794BA082AAC858900BC3C98 /* Flow.swift in Sources */ = {isa = PBXBuildFile; fileRef = 8794BA072AAC858900BC3C98 /* Flow.swift */; };
/* End PBXBuildFile section */

/* Begin PBXContainerItemProxy section */
		878EFEF42AA9C8290075EF71 /* PBXContainerItemProxy */ = {
			isa = PBXContainerItemProxy;
			containerPortal = 878EFEE12AA9C8290075EF71 /* Project object */;
			proxyType = 1;
			remoteGlobalIDString = 878EFEE92AA9C8290075EF71;
			remoteInfo = QuizeEngine;
		};
/* End PBXContainerItemProxy section */

/* Begin PBXFileReference section */
		878A64392AB6E02E00B3E3A5 /* Router.swift */ = {isa = PBXFileReference; lastKnownFileType = sourcecode.swift; path = Router.swift; sourceTree = "<group>"; };
		878A643B2AB6E03600B3E3A5 /* QuizResult.swift */ = {isa = PBXFileReference; lastKnownFileType = sourcecode.swift; path = QuizResult.swift; sourceTree = "<group>"; };
		878A643D2AB6E32E00B3E3A5 /* RouterSpy.swift */ = {isa = PBXFileReference; lastKnownFileType = sourcecode.swift; path = RouterSpy.swift; sourceTree = "<group>"; };
		878A643F2AB6E41100B3E3A5 /* Game.swift */ = {isa = PBXFileReference; lastKnownFileType = sourcecode.swift; path = Game.swift; sourceTree = "<group>"; };
		878A64412AB6E57100B3E3A5 /* GameTest.swift */ = {isa = PBXFileReference; lastKnownFileType = sourcecode.swift; path = GameTest.swift; sourceTree = "<group>"; };
		878EFEEA2AA9C8290075EF71 /* QuizeEngine.framework */ = {isa = PBXFileReference; explicitFileType = wrapper.framework; includeInIndex = 0; path = QuizeEngine.framework; sourceTree = BUILT_PRODUCTS_DIR; };
		878EFEED2AA9C8290075EF71 /* QuizeEngine.h */ = {isa = PBXFileReference; lastKnownFileType = sourcecode.c.h; path = QuizeEngine.h; sourceTree = "<group>"; };
		878EFEF22AA9C8290075EF71 /* QuizeEngineTests.xctest */ = {isa = PBXFileReference; explicitFileType = wrapper.cfbundle; includeInIndex = 0; path = QuizeEngineTests.xctest; sourceTree = BUILT_PRODUCTS_DIR; };
		878EFEF72AA9C8290075EF71 /* QuizeEngineTests.swift */ = {isa = PBXFileReference; lastKnownFileType = sourcecode.swift; path = QuizeEngineTests.swift; sourceTree = "<group>"; };
		8794BA052AAC856500BC3C98 /* FlowTest.swift */ = {isa = PBXFileReference; lastKnownFileType = sourcecode.swift; path = FlowTest.swift; sourceTree = "<group>"; };
		8794BA072AAC858900BC3C98 /* Flow.swift */ = {isa = PBXFileReference; lastKnownFileType = sourcecode.swift; path = Flow.swift; sourceTree = "<group>"; };
/* End PBXFileReference section */

/* Begin PBXFrameworksBuildPhase section */
		878EFEE72AA9C8290075EF71 /* Frameworks */ = {
			isa = PBXFrameworksBuildPhase;
			buildActionMask = 2147483647;
			files = (
			);
			runOnlyForDeploymentPostprocessing = 0;
		};
		878EFEEF2AA9C8290075EF71 /* Frameworks */ = {
			isa = PBXFrameworksBuildPhase;
			buildActionMask = 2147483647;
			files = (
				878EFEF32AA9C8290075EF71 /* QuizeEngine.framework in Frameworks */,
			);
			runOnlyForDeploymentPostprocessing = 0;
		};
/* End PBXFrameworksBuildPhase section */

/* Begin PBXGroup section */
		878EFEE02AA9C8290075EF71 = {
			isa = PBXGroup;
			children = (
				878EFEEC2AA9C8290075EF71 /* QuizeEngine */,
				878EFEF62AA9C8290075EF71 /* QuizeEngineTests */,
				878EFEEB2AA9C8290075EF71 /* Products */,
			);
			sourceTree = "<group>";
		};
		878EFEEB2AA9C8290075EF71 /* Products */ = {
			isa = PBXGroup;
			children = (
				878EFEEA2AA9C8290075EF71 /* QuizeEngine.framework */,
				878EFEF22AA9C8290075EF71 /* QuizeEngineTests.xctest */,
			);
			name = Products;
			sourceTree = "<group>";
		};
		878EFEEC2AA9C8290075EF71 /* QuizeEngine */ = {
			isa = PBXGroup;
			children = (
				878EFEED2AA9C8290075EF71 /* QuizeEngine.h */,
				8794BA072AAC858900BC3C98 /* Flow.swift */,
				878A64392AB6E02E00B3E3A5 /* Router.swift */,
				878A643B2AB6E03600B3E3A5 /* QuizResult.swift */,
				878A643F2AB6E41100B3E3A5 /* Game.swift */,
			);
			path = QuizeEngine;
			sourceTree = "<group>";
		};
		878EFEF62AA9C8290075EF71 /* QuizeEngineTests */ = {
			isa = PBXGroup;
			children = (
				878EFEF72AA9C8290075EF71 /* QuizeEngineTests.swift */,
				8794BA052AAC856500BC3C98 /* FlowTest.swift */,
				878A643D2AB6E32E00B3E3A5 /* RouterSpy.swift */,
				878A64412AB6E57100B3E3A5 /* GameTest.swift */,
			);
			path = QuizeEngineTests;
			sourceTree = "<group>";
		};
/* End PBXGroup section */

/* Begin PBXHeadersBuildPhase section */
		878EFEE52AA9C8290075EF71 /* Headers */ = {
			isa = PBXHeadersBuildPhase;
			buildActionMask = 2147483647;
			files = (
				878EFEF92AA9C8290075EF71 /* QuizeEngine.h in Headers */,
			);
			runOnlyForDeploymentPostprocessing = 0;
		};
/* End PBXHeadersBuildPhase section */

/* Begin PBXNativeTarget section */
		878EFEE92AA9C8290075EF71 /* QuizeEngine */ = {
			isa = PBXNativeTarget;
			buildConfigurationList = 878EFEFC2AA9C8290075EF71 /* Build configuration list for PBXNativeTarget "QuizeEngine" */;
			buildPhases = (
				878EFEE52AA9C8290075EF71 /* Headers */,
				878EFEE62AA9C8290075EF71 /* Sources */,
				878EFEE72AA9C8290075EF71 /* Frameworks */,
				878EFEE82AA9C8290075EF71 /* Resources */,
			);
			buildRules = (
			);
			dependencies = (
			);
			name = QuizeEngine;
			productName = QuizeEngine;
			productReference = 878EFEEA2AA9C8290075EF71 /* QuizeEngine.framework */;
			productType = "com.apple.product-type.framework";
		};
		878EFEF12AA9C8290075EF71 /* QuizeEngineTests */ = {
			isa = PBXNativeTarget;
			buildConfigurationList = 878EFEFF2AA9C8290075EF71 /* Build configuration list for PBXNativeTarget "QuizeEngineTests" */;
			buildPhases = (
				878EFEEE2AA9C8290075EF71 /* Sources */,
				878EFEEF2AA9C8290075EF71 /* Frameworks */,
				878EFEF02AA9C8290075EF71 /* Resources */,
			);
			buildRules = (
			);
			dependencies = (
				878EFEF52AA9C8290075EF71 /* PBXTargetDependency */,
			);
			name = QuizeEngineTests;
			productName = QuizeEngineTests;
			productReference = 878EFEF22AA9C8290075EF71 /* QuizeEngineTests.xctest */;
			productType = "com.apple.product-type.bundle.unit-test";
		};
/* End PBXNativeTarget section */

/* Begin PBXProject section */
		878EFEE12AA9C8290075EF71 /* Project object */ = {
			isa = PBXProject;
			attributes = {
				BuildIndependentTargetsInParallel = 1;
				LastSwiftUpdateCheck = 1430;
				LastUpgradeCheck = 1430;
				TargetAttributes = {
					878EFEE92AA9C8290075EF71 = {
						CreatedOnToolsVersion = 14.3;
						LastSwiftMigration = 1430;
					};
					878EFEF12AA9C8290075EF71 = {
						CreatedOnToolsVersion = 14.3;
					};
				};
			};
			buildConfigurationList = 878EFEE42AA9C8290075EF71 /* Build configuration list for PBXProject "QuizeEngine" */;
			compatibilityVersion = "Xcode 14.0";
			developmentRegion = en;
			hasScannedForEncodings = 0;
			knownRegions = (
				en,
				Base,
			);
			mainGroup = 878EFEE02AA9C8290075EF71;
			productRefGroup = 878EFEEB2AA9C8290075EF71 /* Products */;
			projectDirPath = "";
			projectRoot = "";
			targets = (
				878EFEE92AA9C8290075EF71 /* QuizeEngine */,
				878EFEF12AA9C8290075EF71 /* QuizeEngineTests */,
			);
		};
/* End PBXProject section */

/* Begin PBXResourcesBuildPhase section */
		878EFEE82AA9C8290075EF71 /* Resources */ = {
			isa = PBXResourcesBuildPhase;
			buildActionMask = 2147483647;
			files = (
			);
			runOnlyForDeploymentPostprocessing = 0;
		};
		878EFEF02AA9C8290075EF71 /* Resources */ = {
			isa = PBXResourcesBuildPhase;
			buildActionMask = 2147483647;
			files = (
			);
			runOnlyForDeploymentPostprocessing = 0;
		};
/* End PBXResourcesBuildPhase section */

/* Begin PBXSourcesBuildPhase section */
		878EFEE62AA9C8290075EF71 /* Sources */ = {
			isa = PBXSourcesBuildPhase;
			buildActionMask = 2147483647;
			files = (
				878A643A2AB6E02E00B3E3A5 /* Router.swift in Sources */,
				8794BA082AAC858900BC3C98 /* Flow.swift in Sources */,
				878A643C2AB6E03600B3E3A5 /* QuizResult.swift in Sources */,
				878A64402AB6E41100B3E3A5 /* Game.swift in Sources */,
			);
			runOnlyForDeploymentPostprocessing = 0;
		};
		878EFEEE2AA9C8290075EF71 /* Sources */ = {
			isa = PBXSourcesBuildPhase;
			buildActionMask = 2147483647;
			files = (
				878EFEF82AA9C8290075EF71 /* QuizeEngineTests.swift in Sources */,
				8794BA062AAC856500BC3C98 /* FlowTest.swift in Sources */,
				878A643E2AB6E32E00B3E3A5 /* RouterSpy.swift in Sources */,
				878A64422AB6E57100B3E3A5 /* GameTest.swift in Sources */,
			);
			runOnlyForDeploymentPostprocessing = 0;
		};
/* End PBXSourcesBuildPhase section */

/* Begin PBXTargetDependency section */
		878EFEF52AA9C8290075EF71 /* PBXTargetDependency */ = {
			isa = PBXTargetDependency;
			target = 878EFEE92AA9C8290075EF71 /* QuizeEngine */;
			targetProxy = 878EFEF42AA9C8290075EF71 /* PBXContainerItemProxy */;
		};
/* End PBXTargetDependency section */

/* Begin XCBuildConfiguration section */
		878EFEFA2AA9C8290075EF71 /* Debug */ = {
			isa = XCBuildConfiguration;
			buildSettings = {
				ALWAYS_SEARCH_USER_PATHS = NO;
				CLANG_ANALYZER_NONNULL = YES;
				CLANG_ANALYZER_NUMBER_OBJECT_CONVERSION = YES_AGGRESSIVE;
				CLANG_CXX_LANGUAGE_STANDARD = "gnu++20";
				CLANG_ENABLE_MODULES = YES;
				CLANG_ENABLE_OBJC_ARC = YES;
				CLANG_ENABLE_OBJC_WEAK = YES;
				CLANG_WARN_BLOCK_CAPTURE_AUTORELEASING = YES;
				CLANG_WARN_BOOL_CONVERSION = YES;
				CLANG_WARN_COMMA = YES;
				CLANG_WARN_CONSTANT_CONVERSION = YES;
				CLANG_WARN_DEPRECATED_OBJC_IMPLEMENTATIONS = YES;
				CLANG_WARN_DIRECT_OBJC_ISA_USAGE = YES_ERROR;
				CLANG_WARN_DOCUMENTATION_COMMENTS = YES;
				CLANG_WARN_EMPTY_BODY = YES;
				CLANG_WARN_ENUM_CONVERSION = YES;
				CLANG_WARN_INFINITE_RECURSION = YES;
				CLANG_WARN_INT_CONVERSION = YES;
				CLANG_WARN_NON_LITERAL_NULL_CONVERSION = YES;
				CLANG_WARN_OBJC_IMPLICIT_RETAIN_SELF = YES;
				CLANG_WARN_OBJC_LITERAL_CONVERSION = YES;
				CLANG_WARN_OBJC_ROOT_CLASS = YES_ERROR;
				CLANG_WARN_QUOTED_INCLUDE_IN_FRAMEWORK_HEADER = YES;
				CLANG_WARN_RANGE_LOOP_ANALYSIS = YES;
				CLANG_WARN_STRICT_PROTOTYPES = YES;
				CLANG_WARN_SUSPICIOUS_MOVE = YES;
				CLANG_WARN_UNGUARDED_AVAILABILITY = YES_AGGRESSIVE;
				CLANG_WARN_UNREACHABLE_CODE = YES;
				CLANG_WARN__DUPLICATE_METHOD_MATCH = YES;
				COPY_PHASE_STRIP = NO;
				CURRENT_PROJECT_VERSION = 1;
				DEBUG_INFORMATION_FORMAT = dwarf;
				ENABLE_STRICT_OBJC_MSGSEND = YES;
				ENABLE_TESTABILITY = YES;
				GCC_C_LANGUAGE_STANDARD = gnu11;
				GCC_DYNAMIC_NO_PIC = NO;
				GCC_NO_COMMON_BLOCKS = YES;
				GCC_OPTIMIZATION_LEVEL = 0;
				GCC_PREPROCESSOR_DEFINITIONS = (
					"DEBUG=1",
					"$(inherited)",
				);
				GCC_WARN_64_TO_32_BIT_CONVERSION = YES;
				GCC_WARN_ABOUT_RETURN_TYPE = YES_ERROR;
				GCC_WARN_UNDECLARED_SELECTOR = YES;
				GCC_WARN_UNINITIALIZED_AUTOS = YES_AGGRESSIVE;
				GCC_WARN_UNUSED_FUNCTION = YES;
				GCC_WARN_UNUSED_VARIABLE = YES;
				MACOSX_DEPLOYMENT_TARGET = 13.3;
				MTL_ENABLE_DEBUG_INFO = INCLUDE_SOURCE;
				MTL_FAST_MATH = YES;
				ONLY_ACTIVE_ARCH = YES;
				SDKROOT = macosx;
				SWIFT_ACTIVE_COMPILATION_CONDITIONS = DEBUG;
				SWIFT_OPTIMIZATION_LEVEL = "-Onone";
				VERSIONING_SYSTEM = "apple-generic";
				VERSION_INFO_PREFIX = "";
			};
			name = Debug;
		};
		878EFEFB2AA9C8290075EF71 /* Release */ = {
			isa = XCBuildConfiguration;
			buildSettings = {
				ALWAYS_SEARCH_USER_PATHS = NO;
				CLANG_ANALYZER_NONNULL = YES;
				CLANG_ANALYZER_NUMBER_OBJECT_CONVERSION = YES_AGGRESSIVE;
				CLANG_CXX_LANGUAGE_STANDARD = "gnu++20";
				CLANG_ENABLE_MODULES = YES;
				CLANG_ENABLE_OBJC_ARC = YES;
				CLANG_ENABLE_OBJC_WEAK = YES;
				CLANG_WARN_BLOCK_CAPTURE_AUTORELEASING = YES;
				CLANG_WARN_BOOL_CONVERSION = YES;
				CLANG_WARN_COMMA = YES;
				CLANG_WARN_CONSTANT_CONVERSION = YES;
				CLANG_WARN_DEPRECATED_OBJC_IMPLEMENTATIONS = YES;
				CLANG_WARN_DIRECT_OBJC_ISA_USAGE = YES_ERROR;
				CLANG_WARN_DOCUMENTATION_COMMENTS = YES;
				CLANG_WARN_EMPTY_BODY = YES;
				CLANG_WARN_ENUM_CONVERSION = YES;
				CLANG_WARN_INFINITE_RECURSION = YES;
				CLANG_WARN_INT_CONVERSION = YES;
				CLANG_WARN_NON_LITERAL_NULL_CONVERSION = YES;
				CLANG_WARN_OBJC_IMPLICIT_RETAIN_SELF = YES;
				CLANG_WARN_OBJC_LITERAL_CONVERSION = YES;
				CLANG_WARN_OBJC_ROOT_CLASS = YES_ERROR;
				CLANG_WARN_QUOTED_INCLUDE_IN_FRAMEWORK_HEADER = YES;
				CLANG_WARN_RANGE_LOOP_ANALYSIS = YES;
				CLANG_WARN_STRICT_PROTOTYPES = YES;
				CLANG_WARN_SUSPICIOUS_MOVE = YES;
				CLANG_WARN_UNGUARDED_AVAILABILITY = YES_AGGRESSIVE;
				CLANG_WARN_UNREACHABLE_CODE = YES;
				CLANG_WARN__DUPLICATE_METHOD_MATCH = YES;
				COPY_PHASE_STRIP = NO;
				CURRENT_PROJECT_VERSION = 1;
				DEBUG_INFORMATION_FORMAT = "dwarf-with-dsym";
				ENABLE_NS_ASSERTIONS = NO;
				ENABLE_STRICT_OBJC_MSGSEND = YES;
				GCC_C_LANGUAGE_STANDARD = gnu11;
				GCC_NO_COMMON_BLOCKS = YES;
				GCC_WARN_64_TO_32_BIT_CONVERSION = YES;
				GCC_WARN_ABOUT_RETURN_TYPE = YES_ERROR;
				GCC_WARN_UNDECLARED_SELECTOR = YES;
				GCC_WARN_UNINITIALIZED_AUTOS = YES_AGGRESSIVE;
				GCC_WARN_UNUSED_FUNCTION = YES;
				GCC_WARN_UNUSED_VARIABLE = YES;
				MACOSX_DEPLOYMENT_TARGET = 13.3;
				MTL_ENABLE_DEBUG_INFO = NO;
				MTL_FAST_MATH = YES;
				SDKROOT = macosx;
				SWIFT_COMPILATION_MODE = wholemodule;
				SWIFT_OPTIMIZATION_LEVEL = "-O";
				VERSIONING_SYSTEM = "apple-generic";
				VERSION_INFO_PREFIX = "";
			};
			name = Release;
		};
		878EFEFD2AA9C8290075EF71 /* Debug */ = {
			isa = XCBuildConfiguration;
			buildSettings = {
				CLANG_ENABLE_MODULES = YES;
				CODE_SIGN_STYLE = Automatic;
				COMBINE_HIDPI_IMAGES = YES;
				CURRENT_PROJECT_VERSION = 1;
				DEFINES_MODULE = YES;
				DYLIB_COMPATIBILITY_VERSION = 1;
				DYLIB_CURRENT_VERSION = 1;
				DYLIB_INSTALL_NAME_BASE = "@rpath";
				ENABLE_MODULE_VERIFIER = YES;
				GENERATE_INFOPLIST_FILE = YES;
				INFOPLIST_KEY_NSHumanReadableCopyright = "";
				INSTALL_PATH = "$(LOCAL_LIBRARY_DIR)/Frameworks";
				LD_RUNPATH_SEARCH_PATHS = (
					"$(inherited)",
					"@executable_path/../Frameworks",
					"@loader_path/Frameworks",
				);
				MARKETING_VERSION = 1.0;
				MODULE_VERIFIER_SUPPORTED_LANGUAGES = "objective-c objective-c++";
				MODULE_VERIFIER_SUPPORTED_LANGUAGE_STANDARDS = "gnu11 gnu++20";
				PRODUCT_BUNDLE_IDENTIFIER = hiren.QuizeEngine;
				PRODUCT_NAME = "$(TARGET_NAME:c99extidentifier)";
				SKIP_INSTALL = YES;
				SWIFT_EMIT_LOC_STRINGS = YES;
				SWIFT_OPTIMIZATION_LEVEL = "-Onone";
				SWIFT_VERSION = 5.0;
			};
			name = Debug;
		};
		878EFEFE2AA9C8290075EF71 /* Release */ = {
			isa = XCBuildConfiguration;
			buildSettings = {
				CLANG_ENABLE_MODULES = YES;
				CODE_SIGN_STYLE = Automatic;
				COMBINE_HIDPI_IMAGES = YES;
				CURRENT_PROJECT_VERSION = 1;
				DEFINES_MODULE = YES;
				DYLIB_COMPATIBILITY_VERSION = 1;
				DYLIB_CURRENT_VERSION = 1;
				DYLIB_INSTALL_NAME_BASE = "@rpath";
				ENABLE_MODULE_VERIFIER = YES;
				GENERATE_INFOPLIST_FILE = YES;
				INFOPLIST_KEY_NSHumanReadableCopyright = "";
				INSTALL_PATH = "$(LOCAL_LIBRARY_DIR)/Frameworks";
				LD_RUNPATH_SEARCH_PATHS = (
					"$(inherited)",
					"@executable_path/../Frameworks",
					"@loader_path/Frameworks",
				);
				MARKETING_VERSION = 1.0;
				MODULE_VERIFIER_SUPPORTED_LANGUAGES = "objective-c objective-c++";
				MODULE_VERIFIER_SUPPORTED_LANGUAGE_STANDARDS = "gnu11 gnu++20";
				PRODUCT_BUNDLE_IDENTIFIER = hiren.QuizeEngine;
				PRODUCT_NAME = "$(TARGET_NAME:c99extidentifier)";
				SKIP_INSTALL = YES;
				SWIFT_EMIT_LOC_STRINGS = YES;
				SWIFT_VERSION = 5.0;
			};
			name = Release;
		};
		878EFF002AA9C8290075EF71 /* Debug */ = {
			isa = XCBuildConfiguration;
			buildSettings = {
				ALWAYS_EMBED_SWIFT_STANDARD_LIBRARIES = YES;
				CODE_SIGN_STYLE = Automatic;
				CURRENT_PROJECT_VERSION = 1;
				GENERATE_INFOPLIST_FILE = YES;
				MARKETING_VERSION = 1.0;
				PRODUCT_BUNDLE_IDENTIFIER = hiren.QuizeEngineTests;
				PRODUCT_NAME = "$(TARGET_NAME)";
				SWIFT_EMIT_LOC_STRINGS = NO;
				SWIFT_VERSION = 5.0;
			};
			name = Debug;
		};
		878EFF012AA9C8290075EF71 /* Release */ = {
			isa = XCBuildConfiguration;
			buildSettings = {
				ALWAYS_EMBED_SWIFT_STANDARD_LIBRARIES = YES;
				CODE_SIGN_STYLE = Automatic;
				CURRENT_PROJECT_VERSION = 1;
				GENERATE_INFOPLIST_FILE = YES;
				MARKETING_VERSION = 1.0;
				PRODUCT_BUNDLE_IDENTIFIER = hiren.QuizeEngineTests;
				PRODUCT_NAME = "$(TARGET_NAME)";
				SWIFT_EMIT_LOC_STRINGS = NO;
				SWIFT_VERSION = 5.0;
			};
			name = Release;
		};
/* End XCBuildConfiguration section */

/* Begin XCConfigurationList section */
		878EFEE42AA9C8290075EF71 /* Build configuration list for PBXProject "QuizeEngine" */ = {
			isa = XCConfigurationList;
			buildConfigurations = (
				878EFEFA2AA9C8290075EF71 /* Debug */,
				878EFEFB2AA9C8290075EF71 /* Release */,
			);
			defaultConfigurationIsVisible = 0;
			defaultConfigurationName = Release;
		};
		878EFEFC2AA9C8290075EF71 /* Build configuration list for PBXNativeTarget "QuizeEngine" */ = {
			isa = XCConfigurationList;
			buildConfigurations = (
				878EFEFD2AA9C8290075EF71 /* Debug */,
				878EFEFE2AA9C8290075EF71 /* Release */,
			);
			defaultConfigurationIsVisible = 0;
			defaultConfigurationName = Release;
		};
		878EFEFF2AA9C8290075EF71 /* Build configuration list for PBXNativeTarget "QuizeEngineTests" */ = {
			isa = XCConfigurationList;
			buildConfigurations = (
				878EFF002AA9C8290075EF71 /* Debug */,
				878EFF012AA9C8290075EF71 /* Release */,
			);
			defaultConfigurationIsVisible = 0;
			defaultConfigurationName = Release;
		};
/* End XCConfigurationList section */
	};
	rootObject = 878EFEE12AA9C8290075EF71 /* Project object */;
}
